// !$*UTF8*$!
{
	archiveVersion = 1;
	classes = {
	};
	objectVersion = 46;
	objects = {

/* Begin PBXBuildFile section */
		9606C0971CE33DA400284BFF /* ZYTCViewController.m in Sources */ = {isa = PBXBuildFile; fileRef = 9606C0951CE33DA400284BFF /* ZYTCViewController.m */; };
		9606C0981CE33DA400284BFF /* ZYTCViewController.xib in Resources */ = {isa = PBXBuildFile; fileRef = 9606C0961CE33DA400284BFF /* ZYTCViewController.xib */; };
		96516EBB1CF2DBDA0020C364 /* LayerLabel.m in Sources */ = {isa = PBXBuildFile; fileRef = 96516EBA1CF2DBDA0020C364 /* LayerLabel.m */; };
		96516EBE1CF2EF440020C364 /* ReflectionView.m in Sources */ = {isa = PBXBuildFile; fileRef = 96516EBD1CF2EF440020C364 /* ReflectionView.m */; };
		96516EC21CF2FDC40020C364 /* 3.png in Resources */ = {isa = PBXBuildFile; fileRef = 96516EC11CF2FDC40020C364 /* 3.png */; };

		967DBBA51CD5D192007C4D35 /* main.m in Sources */ = {isa = PBXBuildFile; fileRef = 967DBBA41CD5D192007C4D35 /* main.m */; };
		967DBBA81CD5D192007C4D35 /* AppDelegate.m in Sources */ = {isa = PBXBuildFile; fileRef = 967DBBA71CD5D192007C4D35 /* AppDelegate.m */; };
		967DBBAB1CD5D192007C4D35 /* ViewController.m in Sources */ = {isa = PBXBuildFile; fileRef = 967DBBAA1CD5D192007C4D35 /* ViewController.m */; };
		967DBBAE1CD5D192007C4D35 /* Main.storyboard in Resources */ = {isa = PBXBuildFile; fileRef = 967DBBAC1CD5D192007C4D35 /* Main.storyboard */; };
		967DBBB01CD5D192007C4D35 /* Assets.xcassets in Resources */ = {isa = PBXBuildFile; fileRef = 967DBBAF1CD5D192007C4D35 /* Assets.xcassets */; };
		967DBBB31CD5D192007C4D35 /* LaunchScreen.storyboard in Resources */ = {isa = PBXBuildFile; fileRef = 967DBBB11CD5D192007C4D35 /* LaunchScreen.storyboard */; };
		96AAAB7B1CD5D6BF00EC0887 /* TCSLayerControllerText1.m in Sources */ = {isa = PBXBuildFile; fileRef = 96AAAB781CD5D6BF00EC0887 /* TCSLayerControllerText1.m */; };
		96AAAB7C1CD5D6BF00EC0887 /* TCSStroyBoard.storyboard in Resources */ = {isa = PBXBuildFile; fileRef = 96AAAB791CD5D6BF00EC0887 /* TCSStroyBoard.storyboard */; };
		96AAAB7E1CD5D6D000EC0887 /* JSTStoryboard.storyboard in Resources */ = {isa = PBXBuildFile; fileRef = 96AAAB7D1CD5D6D000EC0887 /* JSTStoryboard.storyboard */; };
		96AAAB831CD5D9E800EC0887 /* JSTController1.m in Sources */ = {isa = PBXBuildFile; fileRef = 96AAAB821CD5D9E800EC0887 /* JSTController1.m */; };
		96AAAB851CD5DBDC00EC0887 /* 2.png in Resources */ = {isa = PBXBuildFile; fileRef = 96AAAB841CD5DBDC00EC0887 /* 2.png */; };
		96BA94CE1CE9B54E005DAD6C /* UIImage+CornerRadius.m in Sources */ = {isa = PBXBuildFile; fileRef = 96BA94CD1CE9B54E005DAD6C /* UIImage+CornerRadius.m */; };
		96EAEF401CD8811D001B3401 /* JHXClockController.m in Sources */ = {isa = PBXBuildFile; fileRef = 96EAEF3F1CD8811D001B3401 /* JHXClockController.m */; };
		96ED6EF51CDCA43200965D30 /* BHViewController.m in Sources */ = {isa = PBXBuildFile; fileRef = 96ED6EF31CDCA43200965D30 /* BHViewController.m */; };
		96ED6EF61CDCA43200965D30 /* BHViewController.xib in Resources */ = {isa = PBXBuildFile; fileRef = 96ED6EF41CDCA43200965D30 /* BHViewController.xib */; };
/* End PBXBuildFile section */

/* Begin PBXFileReference section */
		9606C0941CE33DA400284BFF /* ZYTCViewController.h */ = {isa = PBXFileReference; fileEncoding = 4; lastKnownFileType = sourcecode.c.h; path = ZYTCViewController.h; sourceTree = "<group>"; };
		9606C0951CE33DA400284BFF /* ZYTCViewController.m */ = {isa = PBXFileReference; fileEncoding = 4; lastKnownFileType = sourcecode.c.objc; path = ZYTCViewController.m; sourceTree = "<group>"; };
		9606C0961CE33DA400284BFF /* ZYTCViewController.xib */ = {isa = PBXFileReference; fileEncoding = 4; lastKnownFileType = file.xib; path = ZYTCViewController.xib; sourceTree = "<group>"; };
		96516EB91CF2DBDA0020C364 /* LayerLabel.h */ = {isa = PBXFileReference; fileEncoding = 4; lastKnownFileType = sourcecode.c.h; path = LayerLabel.h; sourceTree = "<group>"; };
		96516EBA1CF2DBDA0020C364 /* LayerLabel.m */ = {isa = PBXFileReference; fileEncoding = 4; lastKnownFileType = sourcecode.c.objc; path = LayerLabel.m; sourceTree = "<group>"; };
		96516EBC1CF2EF440020C364 /* ReflectionView.h */ = {isa = PBXFileReference; fileEncoding = 4; lastKnownFileType = sourcecode.c.h; path = ReflectionView.h; sourceTree = "<group>"; };
		96516EBD1CF2EF440020C364 /* ReflectionView.m */ = {isa = PBXFileReference; fileEncoding = 4; lastKnownFileType = sourcecode.c.objc; path = ReflectionView.m; sourceTree = "<group>"; };
		96516EC11CF2FDC40020C364 /* 3.png */ = {isa = PBXFileReference; lastKnownFileType = image.png; path = 3.png; sourceTree =
		967DBBA01CD5D192007C4D35 /* CALayerProject.app */ = {isa = PBXFileReference; explicitFileType = wrapper.application; includeInIndex = 0; path = CALayerProject.app; sourceTree = BUILT_PRODUCTS_DIR; };
		967DBBA41CD5D192007C4D35 /* main.m */ = {isa = PBXFileReference; lastKnownFileType = sourcecode.c.objc; path = main.m; sourceTree = "<group>"; };
		967DBBA61CD5D192007C4D35 /* AppDelegate.h */ = {isa = PBXFileReference; lastKnownFileType = sourcecode.c.h; path = AppDelegate.h; sourceTree = "<group>"; };
		967DBBA71CD5D192007C4D35 /* AppDelegate.m */ = {isa = PBXFileReference; lastKnownFileType = sourcecode.c.objc; path = AppDelegate.m; sourceTree = "<group>"; };
		967DBBA91CD5D192007C4D35 /* ViewController.h */ = {isa = PBXFileReference; lastKnownFileType = sourcecode.c.h; path = ViewController.h; sourceTree = "<group>"; };
		967DBBAA1CD5D192007C4D35 /* ViewController.m */ = {isa = PBXFileReference; lastKnownFileType = sourcecode.c.objc; path = ViewController.m; sourceTree = "<group>"; };
		967DBBAD1CD5D192007C4D35 /* Base */ = {isa = PBXFileReference; lastKnownFileType = file.storyboard; name = Base; path = Base.lproj/Main.storyboard; sourceTree = "<group>"; };
		967DBBAF1CD5D192007C4D35 /* Assets.xcassets */ = {isa = PBXFileReference; lastKnownFileType = folder.assetcatalog; path = Assets.xcassets; sourceTree = "<group>"; };
		967DBBB21CD5D192007C4D35 /* Base */ = {isa = PBXFileReference; lastKnownFileType = file.storyboard; name = Base; path = Base.lproj/LaunchScreen.storyboard; sourceTree = "<group>"; };
		967DBBB41CD5D192007C4D35 /* Info.plist */ = {isa = PBXFileReference; lastKnownFileType = text.plist.xml; path = Info.plist; sourceTree = "<group>"; };
		96AAAB771CD5D6BF00EC0887 /* TCSLayerControllerText1.h */ = {isa = PBXFileReference; fileEncoding = 4; lastKnownFileType = sourcecode.c.h; path = TCSLayerControllerText1.h; sourceTree = "<group>"; };
		96AAAB781CD5D6BF00EC0887 /* TCSLayerControllerText1.m */ = {isa = PBXFileReference; fileEncoding = 4; lastKnownFileType = sourcecode.c.objc; path = TCSLayerControllerText1.m; sourceTree = "<group>"; };
		96AAAB791CD5D6BF00EC0887 /* TCSStroyBoard.storyboard */ = {isa = PBXFileReference; fileEncoding = 4; lastKnownFileType = file.storyboard; path = TCSStroyBoard.storyboard; sourceTree = "<group>"; };
		96AAAB7D1CD5D6D000EC0887 /* JSTStoryboard.storyboard */ = {isa = PBXFileReference; fileEncoding = 4; lastKnownFileType = file.storyboard; path = JSTStoryboard.storyboard; sourceTree = "<group>"; };
		96AAAB811CD5D9E800EC0887 /* JSTController1.h */ = {isa = PBXFileReference; fileEncoding = 4; lastKnownFileType = sourcecode.c.h; path = JSTController1.h; sourceTree = "<group>"; };
		96AAAB821CD5D9E800EC0887 /* JSTController1.m */ = {isa = PBXFileReference; fileEncoding = 4; lastKnownFileType = sourcecode.c.objc; path = JSTController1.m; sourceTree = "<group>"; };
		96AAAB841CD5DBDC00EC0887 /* 2.png */ = {isa = PBXFileReference; lastKnownFileType = image.png; path = 2.png; sourceTree = "<group>"; };
		96BA94CC1CE9B54E005DAD6C /* UIImage+CornerRadius.h */ = {isa = PBXFileReference; fileEncoding = 4; lastKnownFileType = sourcecode.c.h; path = "UIImage+CornerRadius.h"; sourceTree = "<group>"; };
		96BA94CD1CE9B54E005DAD6C /* UIImage+CornerRadius.m */ = {isa = PBXFileReference; fileEncoding = 4; lastKnownFileType = sourcecode.c.objc; path = "UIImage+CornerRadius.m"; sourceTree = "<group>"; };
		96EAEF3E1CD8811D001B3401 /* JHXClockController.h */ = {isa = PBXFileReference; fileEncoding = 4; lastKnownFileType = sourcecode.c.h; name = JHXClockController.h; path = "CALayerProject/3图层几何学JHX/JHXClockController.h"; sourceTree = SOURCE_ROOT; };
		96EAEF3F1CD8811D001B3401 /* JHXClockController.m */ = {isa = PBXFileReference; fileEncoding = 4; lastKnownFileType = sourcecode.c.objc; name = JHXClockController.m; path = "CALayerProject/3图层几何学JHX/JHXClockController.m"; sourceTree = SOURCE_ROOT; };
		96ED6EF21CDCA43200965D30 /* BHViewController.h */ = {isa = PBXFileReference; fileEncoding = 4; lastKnownFileType = sourcecode.c.h; path = BHViewController.h; sourceTree = "<group>"; };
		96ED6EF31CDCA43200965D30 /* BHViewController.m */ = {isa = PBXFileReference; fileEncoding = 4; lastKnownFileType = sourcecode.c.objc; path = BHViewController.m; sourceTree = "<group>"; };
		96ED6EF41CDCA43200965D30 /* BHViewController.xib */ = {isa = PBXFileReference; fileEncoding = 4; lastKnownFileType = file.xib; path = BHViewController.xib; sourceTree = "<group>"; };
/* End PBXFileReference section */

/* Begin PBXFrameworksBuildPhase section */
		967DBB9D1CD5D192007C4D35 /* Frameworks */ = {
			isa = PBXFrameworksBuildPhase;
			buildActionMask = 2147483647;
			files = (
			);
			runOnlyForDeploymentPostprocessing = 0;
		};
/* End PBXFrameworksBuildPhase section */

/* Begin PBXGroup section */
		9606C0931CE33D9800284BFF /* 6专用图层 */ = {
			isa = PBXGroup;
			children = (
				96516EC11CF2FDC40020C364 /* 3.png */,
				9606C0941CE33DA400284BFF /* ZYTCViewController.h */,
				9606C0951CE33DA400284BFF /* ZYTCViewController.m */,
				9606C0961CE33DA400284BFF /* ZYTCViewController.xib */,
				96516EB91CF2DBDA0020C364 /* LayerLabel.h */,
				96516EBA1CF2DBDA0020C364 /* LayerLabel.m */,
				96516EBC1CF2EF440020C364 /* ReflectionView.h */,
				96516EBD1CF2EF440020C364 /* ReflectionView.m */,
			);
			path = "6专用图层";
			sourceTree = "<group>";
		};
		967DBB971CD5D192007C4D35 = {
			isa = PBXGroup;
			children = (
				967DBBA21CD5D192007C4D35 /* CALayerProject */,
				967DBBA11CD5D192007C4D35 /* Products */,
			);
			sourceTree = "<group>";
		};
		967DBBA11CD5D192007C4D35 /* Products */ = {
			isa = PBXGroup;
			children = (
				967DBBA01CD5D192007C4D35 /* CALayerProject.app */,
			);
			name = Products;
			sourceTree = "<group>";
		};
		967DBBA21CD5D192007C4D35 /* CALayerProject */ = {
			isa = PBXGroup;
			children = (
				96516EBF1CF2F8740020C364 /* 3.png */,
				96AAAB761CD5D6BF00EC0887 /* 1图层树TCS */,
				96AAAB7A1CD5D6BF00EC0887 /* 2寄宿图JST */,
				96EAEF3B1CD87AF1001B3401 /* 3图层几何学JHX */,
				96ED6EF11CDCA41300965D30 /* 5变化BH */,
				9606C0931CE33D9800284BFF /* 6专用图层 */,
				967DBBBA1CD5D1AB007C4D35 /* Others */,
				967DBBA61CD5D192007C4D35 /* AppDelegate.h */,
				967DBBA71CD5D192007C4D35 /* AppDelegate.m */,
				967DBBA31CD5D192007C4D35 /* Supporting Files */,
			);
			path = CALayerProject;
			sourceTree = "<group>";
		};
		967DBBA31CD5D192007C4D35 /* Supporting Files */ = {
			isa = PBXGroup;
			children = (
				967DBBA41CD5D192007C4D35 /* main.m */,
			);
			name = "Supporting Files";
			sourceTree = "<group>";
		};
		967DBBBA1CD5D1AB007C4D35 /* Others */ = {
			isa = PBXGroup;
			children = (
				967DBBA91CD5D192007C4D35 /* ViewController.h */,
				967DBBAA1CD5D192007C4D35 /* ViewController.m */,
				967DBBAC1CD5D192007C4D35 /* Main.storyboard */,
				967DBBAF1CD5D192007C4D35 /* Assets.xcassets */,
				967DBBB11CD5D192007C4D35 /* LaunchScreen.storyboard */,
				967DBBB41CD5D192007C4D35 /* Info.plist */,
			);
			name = Others;
			sourceTree = "<group>";
		};
		96AAAB761CD5D6BF00EC0887 /* 1图层树TCS */ = {
			isa = PBXGroup;
			children = (
				96AAAB771CD5D6BF00EC0887 /* TCSLayerControllerText1.h */,
				96AAAB781CD5D6BF00EC0887 /* TCSLayerControllerText1.m */,
				96AAAB791CD5D6BF00EC0887 /* TCSStroyBoard.storyboard */,
			);
			path = "1图层树TCS";
			sourceTree = "<group>";
		};
		96AAAB7A1CD5D6BF00EC0887 /* 2寄宿图JST */ = {
			isa = PBXGroup;
			children = (
				96AAAB841CD5DBDC00EC0887 /* 2.png */,
				96AAAB7D1CD5D6D000EC0887 /* JSTStoryboard.storyboard */,
				96AAAB811CD5D9E800EC0887 /* JSTController1.h */,
				96AAAB821CD5D9E800EC0887 /* JSTController1.m */,
				96BA94CC1CE9B54E005DAD6C /* UIImage+CornerRadius.h */,
				96BA94CD1CE9B54E005DAD6C /* UIImage+CornerRadius.m */,
			);
			path = "2寄宿图JST";
			sourceTree = "<group>";
		};
		96EAEF3B1CD87AF1001B3401 /* 3图层几何学JHX */ = {
			isa = PBXGroup;
			children = (
				96EAEF3E1CD8811D001B3401 /* JHXClockController.h */,
				96EAEF3F1CD8811D001B3401 /* JHXClockController.m */,
			);
			name = "3图层几何学JHX";
			path = "3图层几何学";
			sourceTree = "<group>";
		};
		96ED6EF11CDCA41300965D30 /* 5变化BH */ = {
			isa = PBXGroup;
			children = (
				96ED6EF21CDCA43200965D30 /* BHViewController.h */,
				96ED6EF31CDCA43200965D30 /* BHViewController.m */,
				96ED6EF41CDCA43200965D30 /* BHViewController.xib */,
			);
			path = "5变化BH";
			sourceTree = "<group>";
		};
/* End PBXGroup section */

/* Begin PBXNativeTarget section */
		967DBB9F1CD5D192007C4D35 /* CALayerProject */ = {
			isa = PBXNativeTarget;
			buildConfigurationList = 967DBBB71CD5D192007C4D35 /* Build configuration list for PBXNativeTarget "CALayerProject" */;
			buildPhases = (
				967DBB9C1CD5D192007C4D35 /* Sources */,
				967DBB9D1CD5D192007C4D35 /* Frameworks */,
				967DBB9E1CD5D192007C4D35 /* Resources */,
			);
			buildRules = (
			);
			dependencies = (
			);
			name = CALayerProject;
			productName = CALayerProject;
			productReference = 967DBBA01CD5D192007C4D35 /* CALayerProject.app */;
			productType = "com.apple.product-type.application";
		};
/* End PBXNativeTarget section */

/* Begin PBXProject section */
		967DBB981CD5D192007C4D35 /* Project object */ = {
			isa = PBXProject;
			attributes = {
				LastUpgradeCheck = 0730;
				ORGANIZATIONNAME = "Ding RedRain";
				TargetAttributes = {
					967DBB9F1CD5D192007C4D35 = {
						CreatedOnToolsVersion = 7.3;
					};
				};
			};
			buildConfigurationList = 967DBB9B1CD5D192007C4D35 /* Build configuration list for PBXProject "CALayerProject" */;
			compatibilityVersion = "Xcode 3.2";
			developmentRegion = English;
			hasScannedForEncodings = 0;
			knownRegions = (
				en,
				Base,
			);
			mainGroup = 967DBB971CD5D192007C4D35;
			productRefGroup = 967DBBA11CD5D192007C4D35 /* Products */;
			projectDirPath = "";
			projectRoot = "";
			targets = (
				967DBB9F1CD5D192007C4D35 /* CALayerProject */,
			);
		};
/* End PBXProject section */

/* Begin PBXResourcesBuildPhase section */
		967DBB9E1CD5D192007C4D35 /* Resources */ = {
			isa = PBXResourcesBuildPhase;
			buildActionMask = 2147483647;
			files = (
				9606C0981CE33DA400284BFF /* ZYTCViewController.xib in Resources */,
				96AAAB851CD5DBDC00EC0887 /* 2.png in Resources */,
				96ED6EF61CDCA43200965D30 /* BHViewController.xib in Resources */,
				96516EC21CF2FDC40020C364 /* 3.png in Resources */,
				967DBBB31CD5D192007C4D35 /* LaunchScreen.storyboard in Resources */,
				967DBBB01CD5D192007C4D35 /* Assets.xcassets in Resources */,
				96AAAB7C1CD5D6BF00EC0887 /* TCSStroyBoard.storyboard in Resources */,
				96AAAB7E1CD5D6D000EC0887 /* JSTStoryboard.storyboard in Resources */,
				967DBBAE1CD5D192007C4D35 /* Main.storyboard in Resources */,
			);
			runOnlyForDeploymentPostprocessing = 0;
		};
/* End PBXResourcesBuildPhase section */

/* Begin PBXSourcesBuildPhase section */
		967DBB9C1CD5D192007C4D35 /* Sources */ = {
			isa = PBXSourcesBuildPhase;
			buildActionMask = 2147483647;
			files = (
				9606C0971CE33DA400284BFF /* ZYTCViewController.m in Sources */,
				967DBBAB1CD5D192007C4D35 /* ViewController.m in Sources */,
				96516EBE1CF2EF440020C364 /* ReflectionView.m in Sources */,
				96AAAB7B1CD5D6BF00EC0887 /* TCSLayerControllerText1.m in Sources */,
				96AAAB831CD5D9E800EC0887 /* JSTController1.m in Sources */,
				967DBBA81CD5D192007C4D35 /* AppDelegate.m in Sources */,
				96ED6EF51CDCA43200965D30 /* BHViewController.m in Sources */,
				96516EBB1CF2DBDA0020C364 /* LayerLabel.m in Sources */,
				967DBBA51CD5D192007C4D35 /* main.m in Sources */,
				96BA94CE1CE9B54E005DAD6C /* UIImage+CornerRadius.m in Sources */,
				96EAEF401CD8811D001B3401 /* JHXClockController.m in Sources */,
			);
			runOnlyForDeploymentPostprocessing = 0;
		};
/* End PBXSourcesBuildPhase section */

/* Begin PBXVariantGroup section */
		967DBBAC1CD5D192007C4D35 /* Main.storyboard */ = {
			isa = PBXVariantGroup;
			children = (
				967DBBAD1CD5D192007C4D35 /* Base */,
			);
			name = Main.storyboard;
			sourceTree = "<group>";
		};
		967DBBB11CD5D192007C4D35 /* LaunchScreen.storyboard */ = {
			isa = PBXVariantGroup;
			children = (
				967DBBB21CD5D192007C4D35 /* Base */,
			);
			name = LaunchScreen.storyboard;
			sourceTree = "<group>";
		};
/* End PBXVariantGroup section */

/* Begin XCBuildConfiguration section */
		967DBBB51CD5D192007C4D35 /* Debug */ = {
			isa = XCBuildConfiguration;
			buildSettings = {
				ALWAYS_SEARCH_USER_PATHS = NO;
				CLANG_ANALYZER_NONNULL = YES;
				CLANG_CXX_LANGUAGE_STANDARD = "gnu++0x";
				CLANG_CXX_LIBRARY = "libc++";
				CLANG_ENABLE_MODULES = YES;
				CLANG_ENABLE_OBJC_ARC = YES;
				CLANG_WARN_BOOL_CONVERSION = YES;
				CLANG_WARN_CONSTANT_CONVERSION = YES;
				CLANG_WARN_DIRECT_OBJC_ISA_USAGE = YES_ERROR;
				CLANG_WARN_EMPTY_BODY = YES;
				CLANG_WARN_ENUM_CONVERSION = YES;
				CLANG_WARN_INT_CONVERSION = YES;
				CLANG_WARN_OBJC_ROOT_CLASS = YES_ERROR;
				CLANG_WARN_UNREACHABLE_CODE = YES;
				CLANG_WARN__DUPLICATE_METHOD_MATCH = YES;
				"CODE_SIGN_IDENTITY[sdk=iphoneos*]" = "iPhone Developer";
				COPY_PHASE_STRIP = NO;
				DEBUG_INFORMATION_FORMAT = dwarf;
				ENABLE_STRICT_OBJC_MSGSEND = YES;
				ENABLE_TESTABILITY = YES;
				GCC_C_LANGUAGE_STANDARD = gnu99;
				GCC_DYNAMIC_NO_PIC = NO;
				GCC_NO_COMMON_BLOCKS = YES;
				GCC_OPTIMIZATION_LEVEL = 0;
				GCC_PREPROCESSOR_DEFINITIONS = (
					"DEBUG=1",
					"$(inherited)",
				);
				GCC_WARN_64_TO_32_BIT_CONVERSION = YES;
				GCC_WARN_ABOUT_RETURN_TYPE = YES_ERROR;
				GCC_WARN_UNDECLARED_SELECTOR = YES;
				GCC_WARN_UNINITIALIZED_AUTOS = YES_AGGRESSIVE;
				GCC_WARN_UNUSED_FUNCTION = YES;
				GCC_WARN_UNUSED_VARIABLE = YES;
				IPHONEOS_DEPLOYMENT_TARGET = 9.3;
				MTL_ENABLE_DEBUG_INFO = YES;
				ONLY_ACTIVE_ARCH = YES;
				SDKROOT = iphoneos;
			};
			name = Debug;
		};
		967DBBB61CD5D192007C4D35 /* Release */ = {
			isa = XCBuildConfiguration;
			buildSettings = {
				ALWAYS_SEARCH_USER_PATHS = NO;
				CLANG_ANALYZER_NONNULL = YES;
				CLANG_CXX_LANGUAGE_STANDARD = "gnu++0x";
				CLANG_CXX_LIBRARY = "libc++";
				CLANG_ENABLE_MODULES = YES;
				CLANG_ENABLE_OBJC_ARC = YES;
				CLANG_WARN_BOOL_CONVERSION = YES;
				CLANG_WARN_CONSTANT_CONVERSION = YES;
				CLANG_WARN_DIRECT_OBJC_ISA_USAGE = YES_ERROR;
				CLANG_WARN_EMPTY_BODY = YES;
				CLANG_WARN_ENUM_CONVERSION = YES;
				CLANG_WARN_INT_CONVERSION = YES;
				CLANG_WARN_OBJC_ROOT_CLASS = YES_ERROR;
				CLANG_WARN_UNREACHABLE_CODE = YES;
				CLANG_WARN__DUPLICATE_METHOD_MATCH = YES;
				"CODE_SIGN_IDENTITY[sdk=iphoneos*]" = "iPhone Developer";
				COPY_PHASE_STRIP = NO;
				DEBUG_INFORMATION_FORMAT = "dwarf-with-dsym";
				ENABLE_NS_ASSERTIONS = NO;
				ENABLE_STRICT_OBJC_MSGSEND = YES;
				GCC_C_LANGUAGE_STANDARD = gnu99;
				GCC_NO_COMMON_BLOCKS = YES;
				GCC_WARN_64_TO_32_BIT_CONVERSION = YES;
				GCC_WARN_ABOUT_RETURN_TYPE = YES_ERROR;
				GCC_WARN_UNDECLARED_SELECTOR = YES;
				GCC_WARN_UNINITIALIZED_AUTOS = YES_AGGRESSIVE;
				GCC_WARN_UNUSED_FUNCTION = YES;
				GCC_WARN_UNUSED_VARIABLE = YES;
				IPHONEOS_DEPLOYMENT_TARGET = 9.3;
				MTL_ENABLE_DEBUG_INFO = NO;
				SDKROOT = iphoneos;
				VALIDATE_PRODUCT = YES;
			};
			name = Release;
		};
		967DBBB81CD5D192007C4D35 /* Debug */ = {
			isa = XCBuildConfiguration;
			buildSettings = {
				ASSETCATALOG_COMPILER_APPICON_NAME = AppIcon;
				CODE_SIGN_IDENTITY = "iPhone Developer";
				INFOPLIST_FILE = CALayerProject/Info.plist;
				LD_RUNPATH_SEARCH_PATHS = "$(inherited) @executable_path/Frameworks";
				PRODUCT_BUNDLE_IDENTIFIER = com.efetion.CALayerProject;
				PRODUCT_NAME = "$(TARGET_NAME)";
			};
			name = Debug;
		};
		967DBBB91CD5D192007C4D35 /* Release */ = {
			isa = XCBuildConfiguration;
			buildSettings = {
				ASSETCATALOG_COMPILER_APPICON_NAME = AppIcon;
				CODE_SIGN_IDENTITY = "iPhone Developer";
				INFOPLIST_FILE = CALayerProject/Info.plist;
				LD_RUNPATH_SEARCH_PATHS = "$(inherited) @executable_path/Frameworks";
				PRODUCT_BUNDLE_IDENTIFIER = com.efetion.CALayerProject;
				PRODUCT_NAME = "$(TARGET_NAME)";
			};
			name = Release;
		};
/* End XCBuildConfiguration section */

/* Begin XCConfigurationList section */
		967DBB9B1CD5D192007C4D35 /* Build configuration list for PBXProject "CALayerProject" */ = {
			isa = XCConfigurationList;
			buildConfigurations = (
				967DBBB51CD5D192007C4D35 /* Debug */,
				967DBBB61CD5D192007C4D35 /* Release */,
			);
			defaultConfigurationIsVisible = 0;
			defaultConfigurationName = Release;
		};
		967DBBB71CD5D192007C4D35 /* Build configuration list for PBXNativeTarget "CALayerProject" */ = {
			isa = XCConfigurationList;
			buildConfigurations = (
				967DBBB81CD5D192007C4D35 /* Debug */,
				967DBBB91CD5D192007C4D35 /* Release */,
			);
			defaultConfigurationIsVisible = 0;
			defaultConfigurationName = Release;
		};
/* End XCConfigurationList section */
	};
	rootObject = 967DBB981CD5D192007C4D35 /* Project object */;
}
